// !$*UTF8*$!
{
	archiveVersion = 1;
	classes = {
	};
	objectVersion = 51;
	objects = {

/* Begin PBXBuildFile section */
		2307AC11D48457EF885D17D4 /* Pods_NewLotto.framework in Frameworks */ = {isa = PBXBuildFile; fileRef = E812F695DA2E8117DDDA4F86 /* Pods_NewLotto.framework */; };
		5232E0F126A4FA9F000BBD19 /* ViewModel.swift in Sources */ = {isa = PBXBuildFile; fileRef = 5232E0F026A4FA9F000BBD19 /* ViewModel.swift */; };
		5232E0F326A4FAA6000BBD19 /* Model.swift in Sources */ = {isa = PBXBuildFile; fileRef = 5232E0F226A4FAA6000BBD19 /* Model.swift */; };
		527F530F26A4F3DD00124E0D /* AppDelegate.swift in Sources */ = {isa = PBXBuildFile; fileRef = 527F530E26A4F3DD00124E0D /* AppDelegate.swift */; };
		527F531326A4F3DD00124E0D /* ViewController.swift in Sources */ = {isa = PBXBuildFile; fileRef = 527F531226A4F3DD00124E0D /* ViewController.swift */; };
		527F531626A4F3DD00124E0D /* Main.storyboard in Resources */ = {isa = PBXBuildFile; fileRef = 527F531426A4F3DD00124E0D /* Main.storyboard */; };
		527F531826A4F3DF00124E0D /* Assets.xcassets in Resources */ = {isa = PBXBuildFile; fileRef = 527F531726A4F3DF00124E0D /* Assets.xcassets */; };
		527F531B26A4F3DF00124E0D /* LaunchScreen.storyboard in Resources */ = {isa = PBXBuildFile; fileRef = 527F531926A4F3DF00124E0D /* LaunchScreen.storyboard */; };
/* End PBXBuildFile section */

/* Begin PBXFileReference section */
		07A7FD6F39E602B9929A4B38 /* Pods-NewLotto.debug.xcconfig */ = {isa = PBXFileReference; includeInIndex = 1; lastKnownFileType = text.xcconfig; name = "Pods-NewLotto.debug.xcconfig"; path = "Target Support Files/Pods-NewLotto/Pods-NewLotto.debug.xcconfig"; sourceTree = "<group>"; };
		5232E0F026A4FA9F000BBD19 /* ViewModel.swift */ = {isa = PBXFileReference; lastKnownFileType = sourcecode.swift; path = ViewModel.swift; sourceTree = "<group>"; };
		5232E0F226A4FAA6000BBD19 /* Model.swift */ = {isa = PBXFileReference; lastKnownFileType = sourcecode.swift; path = Model.swift; sourceTree = "<group>"; };
		527F530B26A4F3DD00124E0D /* NewLotto.app */ = {isa = PBXFileReference; explicitFileType = wrapper.application; includeInIndex = 0; path = NewLotto.app; sourceTree = BUILT_PRODUCTS_DIR; };
		527F530E26A4F3DD00124E0D /* AppDelegate.swift */ = {isa = PBXFileReference; lastKnownFileType = sourcecode.swift; path = AppDelegate.swift; sourceTree = "<group>"; };
		527F531226A4F3DD00124E0D /* ViewController.swift */ = {isa = PBXFileReference; lastKnownFileType = sourcecode.swift; path = ViewController.swift; sourceTree = "<group>"; };
		527F531526A4F3DD00124E0D /* Base */ = {isa = PBXFileReference; lastKnownFileType = file.storyboard; name = Base; path = Base.lproj/Main.storyboard; sourceTree = "<group>"; };
		527F531726A4F3DF00124E0D /* Assets.xcassets */ = {isa = PBXFileReference; lastKnownFileType = folder.assetcatalog; path = Assets.xcassets; sourceTree = "<group>"; };
		527F531A26A4F3DF00124E0D /* Base */ = {isa = PBXFileReference; lastKnownFileType = file.storyboard; name = Base; path = Base.lproj/LaunchScreen.storyboard; sourceTree = "<group>"; };
		527F531C26A4F3DF00124E0D /* Info.plist */ = {isa = PBXFileReference; lastKnownFileType = text.plist.xml; path = Info.plist; sourceTree = "<group>"; };
		7516B712770EFAD8DB746EC8 /* Pods-NewLotto.release.xcconfig */ = {isa = PBXFileReference; includeInIndex = 1; lastKnownFileType = text.xcconfig; name = "Pods-NewLotto.release.xcconfig"; path = "Target Support Files/Pods-NewLotto/Pods-NewLotto.release.xcconfig"; sourceTree = "<group>"; };
		E812F695DA2E8117DDDA4F86 /* Pods_NewLotto.framework */ = {isa = PBXFileReference; explicitFileType = wrapper.framework; includeInIndex = 0; path = Pods_NewLotto.framework; sourceTree = BUILT_PRODUCTS_DIR; };
/* End PBXFileReference section */

/* Begin PBXFrameworksBuildPhase section */
		527F530826A4F3DD00124E0D /* Frameworks */ = {
			isa = PBXFrameworksBuildPhase;
			buildActionMask = 2147483647;
			files = (
				2307AC11D48457EF885D17D4 /* Pods_NewLotto.framework in Frameworks */,
			);
			runOnlyForDeploymentPostprocessing = 0;
		};
/* End PBXFrameworksBuildPhase section */

/* Begin PBXGroup section */
		527F530226A4F3DD00124E0D = {
			isa = PBXGroup;
			children = (
				527F530D26A4F3DD00124E0D /* NewLotto */,
				527F530C26A4F3DD00124E0D /* Products */,
				54A8075DA0F96932E374237D /* Pods */,
				88E34C1F2A2D6C977B529E08 /* Frameworks */,
			);
			sourceTree = "<group>";
		};
		527F530C26A4F3DD00124E0D /* Products */ = {
			isa = PBXGroup;
			children = (
				527F530B26A4F3DD00124E0D /* NewLotto.app */,
			);
			name = Products;
			sourceTree = "<group>";
		};
		527F530D26A4F3DD00124E0D /* NewLotto */ = {
			isa = PBXGroup;
			children = (
				527F530E26A4F3DD00124E0D /* AppDelegate.swift */,
				527F531226A4F3DD00124E0D /* ViewController.swift */,
				5232E0F026A4FA9F000BBD19 /* ViewModel.swift */,
				5232E0F226A4FAA6000BBD19 /* Model.swift */,
				527F531426A4F3DD00124E0D /* Main.storyboard */,
				527F531726A4F3DF00124E0D /* Assets.xcassets */,
				527F531926A4F3DF00124E0D /* LaunchScreen.storyboard */,
				527F531C26A4F3DF00124E0D /* Info.plist */,
			);
			path = NewLotto;
			sourceTree = "<group>";
		};
		54A8075DA0F96932E374237D /* Pods */ = {
			isa = PBXGroup;
			children = (
				07A7FD6F39E602B9929A4B38 /* Pods-NewLotto.debug.xcconfig */,
				7516B712770EFAD8DB746EC8 /* Pods-NewLotto.release.xcconfig */,
			);
			path = Pods;
			sourceTree = "<group>";
		};
		88E34C1F2A2D6C977B529E08 /* Frameworks */ = {
			isa = PBXGroup;
			children = (
				E812F695DA2E8117DDDA4F86 /* Pods_NewLotto.framework */,
			);
			name = Frameworks;
			sourceTree = "<group>";
		};
/* End PBXGroup section */

/* Begin PBXNativeTarget section */
		527F530A26A4F3DD00124E0D /* NewLotto */ = {
			isa = PBXNativeTarget;
			buildConfigurationList = 527F531F26A4F3DF00124E0D /* Build configuration list for PBXNativeTarget "NewLotto" */;
			buildPhases = (
				B18BCEB28E549B51C80F48A3 /* [CP] Check Pods Manifest.lock */,
				527F530726A4F3DD00124E0D /* Sources */,
				527F530826A4F3DD00124E0D /* Frameworks */,
				527F530926A4F3DD00124E0D /* Resources */,
				2822712547A5DED6324847A9 /* [CP] Embed Pods Frameworks */,
			);
			buildRules = (
			);
			dependencies = (
			);
			name = NewLotto;
			productName = NewLotto;
			productReference = 527F530B26A4F3DD00124E0D /* NewLotto.app */;
			productType = "com.apple.product-type.application";
		};
/* End PBXNativeTarget section */

/* Begin PBXProject section */
		527F530326A4F3DD00124E0D /* Project object */ = {
			isa = PBXProject;
			attributes = {
				LastSwiftUpdateCheck = 1250;
				LastUpgradeCheck = 1250;
				TargetAttributes = {
					527F530A26A4F3DD00124E0D = {
						CreatedOnToolsVersion = 12.5.1;
					};
				};
			};
			buildConfigurationList = 527F530626A4F3DD00124E0D /* Build configuration list for PBXProject "NewLotto" */;
			compatibilityVersion = "Xcode 9.3";
			developmentRegion = en;
			hasScannedForEncodings = 0;
			knownRegions = (
				en,
				Base,
			);
			mainGroup = 527F530226A4F3DD00124E0D;
			productRefGroup = 527F530C26A4F3DD00124E0D /* Products */;
			projectDirPath = "";
			projectRoot = "";
			targets = (
				527F530A26A4F3DD00124E0D /* NewLotto */,
			);
		};
/* End PBXProject section */

/* Begin PBXResourcesBuildPhase section */
		527F530926A4F3DD00124E0D /* Resources */ = {
			isa = PBXResourcesBuildPhase;
			buildActionMask = 2147483647;
			files = (
				527F531B26A4F3DF00124E0D /* LaunchScreen.storyboard in Resources */,
				527F531826A4F3DF00124E0D /* Assets.xcassets in Resources */,
				527F531626A4F3DD00124E0D /* Main.storyboard in Resources */,
			);
			runOnlyForDeploymentPostprocessing = 0;
		};
/* End PBXResourcesBuildPhase section */

/* Begin PBXShellScriptBuildPhase section */
		2822712547A5DED6324847A9 /* [CP] Embed Pods Frameworks */ = {
			isa = PBXShellScriptBuildPhase;
			buildActionMask = 2147483647;
			files = (
			);
			inputFileListPaths = (
				"${PODS_ROOT}/Target Support Files/Pods-NewLotto/Pods-NewLotto-frameworks-${CONFIGURATION}-input-files.xcfilelist",
			);
			name = "[CP] Embed Pods Frameworks";
			outputFileListPaths = (
				"${PODS_ROOT}/Target Support Files/Pods-NewLotto/Pods-NewLotto-frameworks-${CONFIGURATION}-output-files.xcfilelist",
			);
			runOnlyForDeploymentPostprocessing = 0;
			shellPath = /bin/sh;
			shellScript = "\"${PODS_ROOT}/Target Support Files/Pods-NewLotto/Pods-NewLotto-frameworks.sh\"\n";
			showEnvVarsInLog = 0;
		};
		B18BCEB28E549B51C80F48A3 /* [CP] Check Pods Manifest.lock */ = {
			isa = PBXShellScriptBuildPhase;
			buildActionMask = 2147483647;
			files = (
			);
			inputFileListPaths = (
			);
			inputPaths = (
				"${PODS_PODFILE_DIR_PATH}/Podfile.lock",
				"${PODS_ROOT}/Manifest.lock",
			);
			name = "[CP] Check Pods Manifest.lock";
			outputFileListPaths = (
			);
			outputPaths = (
				"$(DERIVED_FILE_DIR)/Pods-NewLotto-checkManifestLockResult.txt",
			);
			runOnlyForDeploymentPostprocessing = 0;
			shellPath = /bin/sh;
			shellScript = "diff \"${PODS_PODFILE_DIR_PATH}/Podfile.lock\" \"${PODS_ROOT}/Manifest.lock\" > /dev/null\nif [ $? != 0 ] ; then\n    # print error to STDERR\n    echo \"error: The sandbox is not in sync with the Podfile.lock. Run 'pod install' or update your CocoaPods installation.\" >&2\n    exit 1\nfi\n# This output is used by Xcode 'outputs' to avoid re-running this script phase.\necho \"SUCCESS\" > \"${SCRIPT_OUTPUT_FILE_0}\"\n";
			showEnvVarsInLog = 0;
		};
/* End PBXShellScriptBuildPhase section */

/* Begin PBXSourcesBuildPhase section */
		527F530726A4F3DD00124E0D /* Sources */ = {
			isa = PBXSourcesBuildPhase;
			buildActionMask = 2147483647;
			files = (
				527F531326A4F3DD00124E0D /* ViewController.swift in Sources */,
				5232E0F126A4FA9F000BBD19 /* ViewModel.swift in Sources */,
				527F530F26A4F3DD00124E0D /* AppDelegate.swift in Sources */,
				5232E0F326A4FAA6000BBD19 /* Model.swift in Sources */,
			);
			runOnlyForDeploymentPostprocessing = 0;
		};
/* End PBXSourcesBuildPhase section */

/* Begin PBXVariantGroup section */
		527F531426A4F3DD00124E0D /* Main.storyboard */ = {
			isa = PBXVariantGroup;
			children = (
				527F531526A4F3DD00124E0D /* Base */,
			);
			name = Main.storyboard;
			sourceTree = "<group>";
		};
		527F531926A4F3DF00124E0D /* LaunchScreen.storyboard */ = {
			isa = PBXVariantGroup;
			children = (
				527F531A26A4F3DF00124E0D /* Base */,
			);
			name = LaunchScreen.storyboard;
			sourceTree = "<group>";
		};
/* End PBXVariantGroup section */

/* Begin XCBuildConfiguration section */
		527F531D26A4F3DF00124E0D /* Debug */ = {
			isa = XCBuildConfiguration;
			buildSettings = {
				ALWAYS_SEARCH_USER_PATHS = NO;
				CLANG_ANALYZER_NONNULL = YES;
				CLANG_ANALYZER_NUMBER_OBJECT_CONVERSION = YES_AGGRESSIVE;
				CLANG_CXX_LANGUAGE_STANDARD = "gnu++14";
				CLANG_CXX_LIBRARY = "libc++";
				CLANG_ENABLE_MODULES = YES;
				CLANG_ENABLE_OBJC_ARC = YES;
				CLANG_ENABLE_OBJC_WEAK = YES;
				CLANG_WARN_BLOCK_CAPTURE_AUTORELEASING = YES;
				CLANG_WARN_BOOL_CONVERSION = YES;
				CLANG_WARN_COMMA = YES;
				CLANG_WARN_CONSTANT_CONVERSION = YES;
				CLANG_WARN_DEPRECATED_OBJC_IMPLEMENTATIONS = YES;
				CLANG_WARN_DIRECT_OBJC_ISA_USAGE = YES_ERROR;
				CLANG_WARN_DOCUMENTATION_COMMENTS = YES;
				CLANG_WARN_EMPTY_BODY = YES;
				CLANG_WARN_ENUM_CONVERSION = YES;
				CLANG_WARN_INFINITE_RECURSION = YES;
				CLANG_WARN_INT_CONVERSION = YES;
				CLANG_WARN_NON_LITERAL_NULL_CONVERSION = YES;
				CLANG_WARN_OBJC_IMPLICIT_RETAIN_SELF = YES;
				CLANG_WARN_OBJC_LITERAL_CONVERSION = YES;
				CLANG_WARN_OBJC_ROOT_CLASS = YES_ERROR;
				CLANG_WARN_QUOTED_INCLUDE_IN_FRAMEWORK_HEADER = YES;
				CLANG_WARN_RANGE_LOOP_ANALYSIS = YES;
				CLANG_WARN_STRICT_PROTOTYPES = YES;
				CLANG_WARN_SUSPICIOUS_MOVE = YES;
				CLANG_WARN_UNGUARDED_AVAILABILITY = YES_AGGRESSIVE;
				CLANG_WARN_UNREACHABLE_CODE = YES;
				CLANG_WARN__DUPLICATE_METHOD_MATCH = YES;
				COPY_PHASE_STRIP = NO;
				DEBUG_INFORMATION_FORMAT = dwarf;
				ENABLE_STRICT_OBJC_MSGSEND = YES;
				ENABLE_TESTABILITY = YES;
				GCC_C_LANGUAGE_STANDARD = gnu11;
				GCC_DYNAMIC_NO_PIC = NO;
				GCC_NO_COMMON_BLOCKS = YES;
				GCC_OPTIMIZATION_LEVEL = 0;
				GCC_PREPROCESSOR_DEFINITIONS = (
					"DEBUG=1",
					"$(inherited)",
				);
				GCC_WARN_64_TO_32_BIT_CONVERSION = YES;
				GCC_WARN_ABOUT_RETURN_TYPE = YES_ERROR;
				GCC_WARN_UNDECLARED_SELECTOR = YES;
				GCC_WARN_UNINITIALIZED_AUTOS = YES_AGGRESSIVE;
				GCC_WARN_UNUSED_FUNCTION = YES;
				GCC_WARN_UNUSED_VARIABLE = YES;
				IPHONEOS_DEPLOYMENT_TARGET = 14.5;
				MTL_ENABLE_DEBUG_INFO = INCLUDE_SOURCE;
				MTL_FAST_MATH = YES;
				ONLY_ACTIVE_ARCH = YES;
				SDKROOT = iphoneos;
				SWIFT_ACTIVE_COMPILATION_CONDITIONS = DEBUG;
				SWIFT_OPTIMIZATION_LEVEL = "-Onone";
			};
			name = Debug;
		};
		527F531E26A4F3DF00124E0D /* Release */ = {
			isa = XCBuildConfiguration;
			buildSettings = {
				ALWAYS_SEARCH_USER_PATHS = NO;
				CLANG_ANALYZER_NONNULL = YES;
				CLANG_ANALYZER_NUMBER_OBJECT_CONVERSION = YES_AGGRESSIVE;
				CLANG_CXX_LANGUAGE_STANDARD = "gnu++14";
				CLANG_CXX_LIBRARY = "libc++";
				CLANG_ENABLE_MODULES = YES;
				CLANG_ENABLE_OBJC_ARC = YES;
				CLANG_ENABLE_OBJC_WEAK = YES;
				CLANG_WARN_BLOCK_CAPTURE_AUTORELEASING = YES;
				CLANG_WARN_BOOL_CONVERSION = YES;
				CLANG_WARN_COMMA = YES;
				CLANG_WARN_CONSTANT_CONVERSION = YES;
				CLANG_WARN_DEPRECATED_OBJC_IMPLEMENTATIONS = YES;
				CLANG_WARN_DIRECT_OBJC_ISA_USAGE = YES_ERROR;
				CLANG_WARN_DOCUMENTATION_COMMENTS = YES;
				CLANG_WARN_EMPTY_BODY = YES;
				CLANG_WARN_ENUM_CONVERSION = YES;
				CLANG_WARN_INFINITE_RECURSION = YES;
				CLANG_WARN_INT_CONVERSION = YES;
				CLANG_WARN_NON_LITERAL_NULL_CONVERSION = YES;
				CLANG_WARN_OBJC_IMPLICIT_RETAIN_SELF = YES;
				CLANG_WARN_OBJC_LITERAL_CONVERSION = YES;
				CLANG_WARN_OBJC_ROOT_CLASS = YES_ERROR;
				CLANG_WARN_QUOTED_INCLUDE_IN_FRAMEWORK_HEADER = YES;
				CLANG_WARN_RANGE_LOOP_ANALYSIS = YES;
				CLANG_WARN_STRICT_PROTOTYPES = YES;
				CLANG_WARN_SUSPICIOUS_MOVE = YES;
				CLANG_WARN_UNGUARDED_AVAILABILITY = YES_AGGRESSIVE;
				CLANG_WARN_UNREACHABLE_CODE = YES;
				CLANG_WARN__DUPLICATE_METHOD_MATCH = YES;
				COPY_PHASE_STRIP = NO;
				DEBUG_INFORMATION_FORMAT = "dwarf-with-dsym";
				ENABLE_NS_ASSERTIONS = NO;
				ENABLE_STRICT_OBJC_MSGSEND = YES;
				GCC_C_LANGUAGE_STANDARD = gnu11;
				GCC_NO_COMMON_BLOCKS = YES;
				GCC_WARN_64_TO_32_BIT_CONVERSION = YES;
				GCC_WARN_ABOUT_RETURN_TYPE = YES_ERROR;
				GCC_WARN_UNDECLARED_SELECTOR = YES;
				GCC_WARN_UNINITIALIZED_AUTOS = YES_AGGRESSIVE;
				GCC_WARN_UNUSED_FUNCTION = YES;
				GCC_WARN_UNUSED_VARIABLE = YES;
				IPHONEOS_DEPLOYMENT_TARGET = 14.5;
				MTL_ENABLE_DEBUG_INFO = NO;
				MTL_FAST_MATH = YES;
				SDKROOT = iphoneos;
				SWIFT_COMPILATION_MODE = wholemodule;
				SWIFT_OPTIMIZATION_LEVEL = "-O";
				VALIDATE_PRODUCT = YES;
			};
			name = Release;
		};
		527F532026A4F3DF00124E0D /* Debug */ = {
			isa = XCBuildConfiguration;
			baseConfigurationReference = 07A7FD6F39E602B9929A4B38 /* Pods-NewLotto.debug.xcconfig */;
			buildSettings = {
				ASSETCATALOG_COMPILER_APPICON_NAME = AppIcon;
				ASSETCATALOG_COMPILER_GLOBAL_ACCENT_COLOR_NAME = AccentColor;
				CODE_SIGN_STYLE = Automatic;
				DEVELOPMENT_TEAM = 8QV2GYLA2D;
				INFOPLIST_FILE = NewLotto/Info.plist;
				IPHONEOS_DEPLOYMENT_TARGET = 13.0;
				LD_RUNPATH_SEARCH_PATHS = (
					"$(inherited)",
					"@executable_path/Frameworks",
				);
				OTHER_LDFLAGS = (
					"$(inherited)",
					"-l\"c++\"",
					"-l\"z\"",
					"-framework",
					"\"Differentiator\"",
					"-framework",
					"\"Foundation\"",
					"-framework",
					"\"Realm\"",
					"-framework",
					"\"RealmSwift\"",
					"-framework",
					"\"RxCocoa\"",
					"-framework",
					"\"RxDataSources\"",
					"-framework",
					"\"RxRealm\"",
					"-framework",
					"\"RxRelay\"",
					"-framework",
					"\"RxSwift\"",
					"-framework",
					"\"Security\"",
					"-framework",
					"\"SwiftyJSON\"",
					"-ObjC",
				);
				PRODUCT_BUNDLE_IDENTIFIER = com.Nspoons.NewLotto;
				PRODUCT_NAME = "$(TARGET_NAME)";
				SWIFT_VERSION = 5.0;
				TARGETED_DEVICE_FAMILY = "1,2";
			};
			name = Debug;
		};
		527F532126A4F3DF00124E0D /* Release */ = {
			isa = XCBuildConfiguration;
			baseConfigurationReference = 7516B712770EFAD8DB746EC8 /* Pods-NewLotto.release.xcconfig */;
			buildSettings = {
				ASSETCATALOG_COMPILER_APPICON_NAME = AppIcon;
				ASSETCATALOG_COMPILER_GLOBAL_ACCENT_COLOR_NAME = AccentColor;
				CODE_SIGN_STYLE = Automatic;
				DEVELOPMENT_TEAM = 8QV2GYLA2D;
				INFOPLIST_FILE = NewLotto/Info.plist;
				IPHONEOS_DEPLOYMENT_TARGET = 13.0;
				LD_RUNPATH_SEARCH_PATHS = (
					"$(inherited)",
					"@executable_path/Frameworks",
				);
				OTHER_LDFLAGS = (
					"$(inherited)",
					"-l\"c++\"",
					"-l\"z\"",
					"-framework",
					"\"Differentiator\"",
					"-framework",
					"\"Foundation\"",
					"-framework",
					"\"Realm\"",
					"-framework",
					"\"RealmSwift\"",
					"-framework",
					"\"RxCocoa\"",
					"-framework",
					"\"RxDataSources\"",
					"-framework",
					"\"RxRealm\"",
					"-framework",
					"\"RxRelay\"",
					"-framework",
					"\"RxSwift\"",
					"-framework",
					"\"Security\"",
					"-framework",
					"\"SwiftyJSON\"",
					"-ObjC",
				);
				PRODUCT_BUNDLE_IDENTIFIER = com.Nspoons.NewLotto;
				PRODUCT_NAME = "$(TARGET_NAME)";
				SWIFT_VERSION = 5.0;
				TARGETED_DEVICE_FAMILY = "1,2";
			};
			name = Release;
		};
/* End XCBuildConfiguration section */

/* Begin XCConfigurationList section */
		527F530626A4F3DD00124E0D /* Build configuration list for PBXProject "NewLotto" */ = {
			isa = XCConfigurationList;
			buildConfigurations = (
				527F531D26A4F3DF00124E0D /* Debug */,
				527F531E26A4F3DF00124E0D /* Release */,
			);
			defaultConfigurationIsVisible = 0;
			defaultConfigurationName = Release;
		};
		527F531F26A4F3DF00124E0D /* Build configuration list for PBXNativeTarget "NewLotto" */ = {
			isa = XCConfigurationList;
			buildConfigurations = (
				527F532026A4F3DF00124E0D /* Debug */,
				527F532126A4F3DF00124E0D /* Release */,
			);
			defaultConfigurationIsVisible = 0;
			defaultConfigurationName = Release;
		};
/* End XCConfigurationList section */
	};
	rootObject = 527F530326A4F3DD00124E0D /* Project object */;
}
